Microsoft Visual Studio Solution File, Format Version 12.00
# Visual Studio Version 17
VisualStudioVersion = 17.5.2.0
MinimumVisualStudioVersion = 10.0.40219.1
Project("{FAE04EC0-301F-11D3-BF4B-00C04F79EFBC}") = "Manajemen_Pro", "Manajemen_Pro.csproj", "{3C2A79D9-F7FC-4ECF-1967-0469164E2612}"
EndProject
Global
	GlobalSection(SolutionConfigurationPlatforms) = preSolution
		Debug|Any CPU = Debug|Any CPU
		Release|Any CPU = Release|Any CPU
	EndGlobalSection
	GlobalSection(ProjectConfigurationPlatforms) = postSolution
		{3C2A79D9-F7FC-4ECF-1967-0469164E2612}.Debug|Any CPU.ActiveCfg = Debug|Any CPU
		{3C2A79D9-F7FC-4ECF-1967-0469164E2612}.Debug|Any CPU.Build.0 = Debug|Any CPU
		{3C2A79D9-F7FC-4ECF-1967-0469164E2612}.Release|Any CPU.ActiveCfg = Release|Any CPU
		{3C2A79D9-F7FC-4ECF-1967-0469164E2612}.Release|Any CPU.Build.0 = Release|Any CPU
	EndGlobalSection
	GlobalSection(SolutionProperties) = preSolution
		HideSolutionNode = FALSE
	EndGlobalSection
	GlobalSection(ExtensibilityGlobals) = postSolution
		SolutionGuid = {8C075316-6FDC-45C4-AAB1-C1EF6368DE71}
	EndGlobalSection
EndGlobal
